
Microsoft Visual Studio Solution File, Format Version 12.00
# Visual Studio Version 17
VisualStudioVersion = 17.11.35222.181
MinimumVisualStudioVersion = 10.0.40219.1
Project("{9A19103F-16F7-4668-BE54-9A1E7A4F7556}") = "FribergCarRentals", "FribergCarRentals\FribergCarRentals.csproj", "{14ECE83C-05DC-43E3-B06A-0AAE859A0F27}"
EndProject
Global
	GlobalSection(SolutionConfigurationPlatforms) = preSolution
		Debug|Any CPU = Debug|Any CPU
		Release|Any CPU = Release|Any CPU
	EndGlobalSection
	GlobalSection(ProjectConfigurationPlatforms) = postSolution
		{14ECE83C-05DC-43E3-B06A-0AAE859A0F27}.Debug|Any CPU.ActiveCfg = Debug|Any CPU
		{14ECE83C-05DC-43E3-B06A-0AAE859A0F27}.Debug|Any CPU.Build.0 = Debug|Any CPU
		{14ECE83C-05DC-43E3-B06A-0AAE859A0F27}.Release|Any CPU.ActiveCfg = Release|Any CPU
		{14ECE83C-05DC-43E3-B06A-0AAE859A0F27}.Release|Any CPU.Build.0 = Release|Any CPU
	EndGlobalSection
	GlobalSection(SolutionProperties) = preSolution
		HideSolutionNode = FALSE
	EndGlobalSection
	GlobalSection(ExtensibilityGlobals) = postSolution
		SolutionGuid = {F941D1E3-BF5B-4977-AA45-CE8446DFCF4F}
	EndGlobalSection
EndGlobal
